
Microsoft Visual Studio Solution File, Format Version 12.00
# Visual Studio Version 17
VisualStudioVersion = 17.0.31903.59
MinimumVisualStudioVersion = 10.0.40219.1
Project("{FAE04EC0-301F-11D3-BF4B-00C04F79EFBC}") = "glassnomad1.Api", "glassnomad1.Api\glassnomad1.Api.csproj", "{FBBA7CA4-6A5A-4875-BAAB-688878AA9E8A}"
EndProject
Project("{FAE04EC0-301F-11D3-BF4B-00C04F79EFBC}") = "glassnomad1.Domain", "glassnomad1.Domain\glassnomad1.Domain.csproj", "{D88341C3-2EBD-4F5D-A630-FE4EDEB3F670}"
EndProject
Global
	GlobalSection(SolutionConfigurationPlatforms) = preSolution
		Debug|Any CPU = Debug|Any CPU
		Release|Any CPU = Release|Any CPU
	EndGlobalSection
	GlobalSection(SolutionProperties) = preSolution
		HideSolutionNode = FALSE
	EndGlobalSection
	GlobalSection(ProjectConfigurationPlatforms) = postSolution
		{FBBA7CA4-6A5A-4875-BAAB-688878AA9E8A}.Debug|Any CPU.ActiveCfg = Debug|Any CPU
		{FBBA7CA4-6A5A-4875-BAAB-688878AA9E8A}.Debug|Any CPU.Build.0 = Debug|Any CPU
		{FBBA7CA4-6A5A-4875-BAAB-688878AA9E8A}.Release|Any CPU.ActiveCfg = Release|Any CPU
		{FBBA7CA4-6A5A-4875-BAAB-688878AA9E8A}.Release|Any CPU.Build.0 = Release|Any CPU
		{D88341C3-2EBD-4F5D-A630-FE4EDEB3F670}.Debug|Any CPU.ActiveCfg = Debug|Any CPU
		{D88341C3-2EBD-4F5D-A630-FE4EDEB3F670}.Debug|Any CPU.Build.0 = Debug|Any CPU
		{D88341C3-2EBD-4F5D-A630-FE4EDEB3F670}.Release|Any CPU.ActiveCfg = Release|Any CPU
		{D88341C3-2EBD-4F5D-A630-FE4EDEB3F670}.Release|Any CPU.Build.0 = Release|Any CPU
	EndGlobalSection
EndGlobal
